
Microsoft Visual Studio Solution File, Format Version 12.00
# Visual Studio 15
VisualStudioVersion = 15.0.28307.852
MinimumVisualStudioVersion = 10.0.40219.1
Project("{8BC9CEB8-8B4A-11D0-8D11-00A0C91BC942}") = "Tibianic", "Tibianic.vcxproj", "{838CD916-9043-4731-8CDD-D468F55AC056}"
EndProject
Global
	GlobalSection(SolutionConfigurationPlatforms) = preSolution
		Release|x86 = Release|x86
	EndGlobalSection
	GlobalSection(ProjectConfigurationPlatforms) = postSolution
		{838CD916-9043-4731-8CDD-D468F55AC056}.Release|x86.ActiveCfg = Release|Win32
		{838CD916-9043-4731-8CDD-D468F55AC056}.Release|x86.Build.0 = Release|Win32
	EndGlobalSection
	GlobalSection(SolutionProperties) = preSolution
		HideSolutionNode = FALSE
	EndGlobalSection
	GlobalSection(ExtensibilityGlobals) = postSolution
		SolutionGuid = {5F5DF2B2-8777-41EE-A91B-19B3C18D60C9}
	EndGlobalSection
EndGlobal
